
Microsoft Visual Studio Solution File, Format Version 12.00
# Visual Studio Version 17
VisualStudioVersion = 17.0.31903.59
MinimumVisualStudioVersion = 10.0.40219.1
Project("{FAE04EC0-301F-11D3-BF4B-00C04F79EFBC}") = "Simulator", "Simulator\Simulator.csproj", "{0B8A6535-ACB2-4A23-94BF-B19D6CBC14B4}"
EndProject
Global
	GlobalSection(SolutionConfigurationPlatforms) = preSolution
		Debug|Any CPU = Debug|Any CPU
		Release|Any CPU = Release|Any CPU
	EndGlobalSection
	GlobalSection(ProjectConfigurationPlatforms) = postSolution
		{0B8A6535-ACB2-4A23-94BF-B19D6CBC14B4}.Debug|Any CPU.ActiveCfg = Debug|Any CPU
		{0B8A6535-ACB2-4A23-94BF-B19D6CBC14B4}.Debug|Any CPU.Build.0 = Debug|Any CPU
		{0B8A6535-ACB2-4A23-94BF-B19D6CBC14B4}.Release|Any CPU.ActiveCfg = Release|Any CPU
		{0B8A6535-ACB2-4A23-94BF-B19D6CBC14B4}.Release|Any CPU.Build.0 = Release|Any CPU
	EndGlobalSection
	GlobalSection(SolutionProperties) = preSolution
		HideSolutionNode = FALSE
	EndGlobalSection
	GlobalSection(ExtensibilityGlobals) = postSolution
		SolutionGuid = {08FCC1C7-F2EA-45E7-AC91-CAFCCCA484A6}
	EndGlobalSection
EndGlobal
